
Microsoft Visual Studio Solution File, Format Version 12.00
# Visual Studio 15
VisualStudioVersion = 15.0.27130.2036
MinimumVisualStudioVersion = 10.0.40219.1
Project("{FAE04EC0-301F-11D3-BF4B-00C04F79EFBC}") = "Launcher", "Launcher\Launcher.csproj", "{A7A32DBB-2284-4AC4-A42D-441B39E29B7B}"
EndProject
Global
	GlobalSection(SolutionConfigurationPlatforms) = preSolution
		Debug|x64 = Debug|x64
		Release|x64 = Release|x64
	EndGlobalSection
	GlobalSection(ProjectConfigurationPlatforms) = postSolution
		{A7A32DBB-2284-4AC4-A42D-441B39E29B7B}.Debug|x64.ActiveCfg = Debug|x64
		{A7A32DBB-2284-4AC4-A42D-441B39E29B7B}.Debug|x64.Build.0 = Debug|x64
		{A7A32DBB-2284-4AC4-A42D-441B39E29B7B}.Release|x64.ActiveCfg = Release|x64
		{A7A32DBB-2284-4AC4-A42D-441B39E29B7B}.Release|x64.Build.0 = Release|x64
	EndGlobalSection
	GlobalSection(SolutionProperties) = preSolution
		HideSolutionNode = FALSE
	EndGlobalSection
	GlobalSection(ExtensibilityGlobals) = postSolution
		SolutionGuid = {317869B0-9543-4222-9EB4-A7B80463815D}
	EndGlobalSection
EndGlobal
